# THIS IS AN AUTOGENERATED FILE. DO NOT EDIT THIS FILE DIRECTLY.
# yarn lockfile v1


"@types/lodash@^4.14.136":
  version "4.14.149"
  resolved "https://registry.yarnpkg.com/@types/lodash/-/lodash-4.14.149.tgz#1342d63d948c6062838fbf961012f74d4e638440"
  integrity sha512-ijGqzZt/b7BfzcK9vTrS6MFljQRPn5BFWOx8oE0GYxribu6uV+aA9zZuXI1zc/etK9E8nrgdoF2+LgUw7+9tJQ==

"@types/node@*":
  version "13.7.7"
  resolved "https://registry.yarnpkg.com/@types/node/-/node-13.7.7.tgz#1628e6461ba8cc9b53196dfeaeec7b07fa6eea99"
  integrity sha512-Uo4chgKbnPNlxQwoFmYIwctkQVkMMmsAoGGU4JKwLuvBefF0pCq4FybNSnfkfRCpC7ZW7kttcC/TrRtAJsvGtg==

"@types/ws@^7.2.0":
  version "7.2.2"
  resolved "https://registry.yarnpkg.com/@types/ws/-/ws-7.2.2.tgz#1bd2038bc80aea60f8a20b2dcf08602a72e65063"
  integrity sha512-oqnI3DbGCVI9zJ/WHdFo3CUE8jQ8CVQDUIKaDtlTcNeT4zs6UCg9Gvk5QrFx2QPkRszpM6yc8o0p4aGjCsTi+w==
  dependencies:
    "@types/node" "*"

agent-base@5:
  version "5.1.1"
  resolved "https://registry.yarnpkg.com/agent-base/-/agent-base-5.1.1.tgz#e8fb3f242959db44d63be665db7a8e739537a32c"
  integrity sha512-TMeqbNl2fMW0nMjTEPOwe3J/PRFP4vqeoNuQMG0HlMrtm5QxKqdvAkZ1pRBQ/ulIyDD5Yq0nJ7YbdD8ey0TO3g==

babel-runtime@^6.6.1:
  version "6.26.0"
  resolved "https://registry.yarnpkg.com/babel-runtime/-/babel-runtime-6.26.0.tgz#965c7058668e82b55d7bfe04ff2337bc8b5647fe"
  integrity sha1-llxwWGaOgrVde/4E/yM3vItWR/4=
  dependencies:
    core-js "^2.4.0"
    regenerator-runtime "^0.11.0"

base-x@3.0.7:
  version "3.0.7"
  resolved "https://registry.yarnpkg.com/base-x/-/base-x-3.0.7.tgz#1c5a7fafe8f66b4114063e8da102799d4e7c408f"
  integrity sha512-zAKJGuQPihXW22fkrfOclUUZXM2g92z5GzlSMHxhO6r6Qj+Nm0ccaGNBzDZojzwOMkpjAv4J0fOv1U4go+a4iw==
  dependencies:
    safe-buffer "^5.0.1"

bignumber.js@^9.0.0:
  version "9.0.0"
  resolved "https://registry.yarnpkg.com/bignumber.js/-/bignumber.js-9.0.0.tgz#805880f84a329b5eac6e7cb6f8274b6d82bdf075"
  integrity sha512-t/OYhhJ2SD+YGBQcjY8GzzDHEk9f3nerxjtfa6tlMXfe7frs/WozhvCNoGvpM0P3bNf3Gq5ZRMlGr5f3r4/N8A==

bn.js@^4.4.0:
  version "4.11.8"
  resolved "https://registry.yarnpkg.com/bn.js/-/bn.js-4.11.8.tgz#2cde09eb5ee341f484746bb0309b3253b1b1442f"
  integrity sha512-ItfYfPLkWHUjckQCk8xC+LwxgK8NYcXywGigJgSwOP8Y2iyWT4f2vsZnoOXTTbo+o5yXmIUJ4gn5538SO5S3gA==

bn.js@^5.1.1:
  version "5.1.1"
  resolved "https://registry.yarnpkg.com/bn.js/-/bn.js-5.1.1.tgz#48efc4031a9c4041b9c99c6941d903463ab62eb5"
  integrity sha512-IUTD/REb78Z2eodka1QZyyEk66pciRcP6Sroka0aI3tG/iwIdYLrBD62RsubR7vqdt3WyX8p4jxeatzmRSphtA==

brorand@^1.0.1, brorand@^1.0.5:
  version "1.1.0"
  resolved "https://registry.yarnpkg.com/brorand/-/brorand-1.1.0.tgz#12c25efe40a45e3c323eb8675a0a0ce57b22371f"
  integrity sha1-EsJe/kCkXjwyPrhnWgoM5XsiNx8=

cipher-base@^1.0.1:
  version "1.0.4"
  resolved "https://registry.yarnpkg.com/cipher-base/-/cipher-base-1.0.4.tgz#8760e4ecc272f4c363532f926d874aae2c1397de"
  integrity sha512-Kkht5ye6ZGmwv40uUDZztayT2ThLQGfnj/T71N/XzeZeo3nf8foyW7zGTsPYkEya3m5f3cAypH+qe7YOrM1U2Q==
  dependencies:
    inherits "^2.0.1"
    safe-buffer "^5.0.1"

core-js@^2.4.0:
  version "2.6.11"
  resolved "https://registry.yarnpkg.com/core-js/-/core-js-2.6.11.tgz#38831469f9922bded8ee21c9dc46985e0399308c"
  integrity sha512-5wjnpaT/3dV+XB4borEsnAYQchn00XSgTAWKDkEqv+K8KevjbzmofK6hfJ9TZIlpj2N0xQpazy7PiRQiWHqzWg==

create-hash@^1.1.2:
  version "1.2.0"
  resolved "https://registry.yarnpkg.com/create-hash/-/create-hash-1.2.0.tgz#889078af11a63756bcfb59bd221996be3a9ef196"
  integrity sha512-z00bCGNHDG8mHAkP7CtT1qVu+bFQUPjYq/4Iv3C3kWjTFV10zIjfSoeqXo9Asws8gwSHDGj/hl2u4OGIjapeCg==
  dependencies:
    cipher-base "^1.0.1"
    inherits "^2.0.1"
    md5.js "^1.3.4"
    ripemd160 "^2.0.1"
    sha.js "^2.4.0"

debug@4:
  version "4.1.1"
  resolved "https://registry.yarnpkg.com/debug/-/debug-4.1.1.tgz#3b72260255109c6b589cee050f1d516139664791"
  integrity sha512-pYAIzeRo8J6KPEaJ0VWOh5Pzkbw/RetuzehGM7QRRX5he4fPHx2rdKMB256ehJCkX+XRQm16eZLqLNS8RSZXZw==
  dependencies:
    ms "^2.1.1"

decimal.js@^10.2.0:
  version "10.2.0"
  resolved "https://registry.yarnpkg.com/decimal.js/-/decimal.js-10.2.0.tgz#39466113a9e036111d02f82489b5fd6b0b5ed231"
  integrity sha512-vDPw+rDgn3bZe1+F/pyEwb1oMG2XTlRVgAa6B4KccTEpYgF8w6eQllVbQcfIJnZyvzFtFpxnpGtx8dd7DJp/Rw==

elliptic@^6.5.2:
  version "6.5.2"
  resolved "https://registry.yarnpkg.com/elliptic/-/elliptic-6.5.2.tgz#05c5678d7173c049d8ca433552224a495d0e3762"
  integrity sha512-f4x70okzZbIQl/NSRLkI/+tteV/9WqL98zx+SQ69KbXxmVrmjwsNUPn/gYJJ0sHvEak24cZgHIPegRePAtA/xw==
  dependencies:
    bn.js "^4.4.0"
    brorand "^1.0.1"
    hash.js "^1.0.0"
    hmac-drbg "^1.0.0"
    inherits "^2.0.1"
    minimalistic-assert "^1.0.0"
    minimalistic-crypto-utils "^1.0.0"

hash-base@^3.0.0:
  version "3.0.4"
  resolved "https://registry.yarnpkg.com/hash-base/-/hash-base-3.0.4.tgz#5fc8686847ecd73499403319a6b0a3f3f6ae4918"
  integrity sha1-X8hoaEfs1zSZQDMZprCj8/auSRg=
  dependencies:
    inherits "^2.0.1"
    safe-buffer "^5.0.1"

hash.js@^1.0.0, hash.js@^1.0.3:
  version "1.1.7"
  resolved "https://registry.yarnpkg.com/hash.js/-/hash.js-1.1.7.tgz#0babca538e8d4ee4a0f8988d68866537a003cf42"
  integrity sha512-taOaskGt4z4SOANNseOviYDvjEJinIkRgmp7LbKP2YTTmVxWBl87s/uzK9r+44BclBSp2X7K1hqeNfz9JbBeXA==
  dependencies:
    inherits "^2.0.3"
    minimalistic-assert "^1.0.1"

hmac-drbg@^1.0.0:
  version "1.0.1"
  resolved "https://registry.yarnpkg.com/hmac-drbg/-/hmac-drbg-1.0.1.tgz#d2745701025a6c775a6c545793ed502fc0c649a1"
  integrity sha1-0nRXAQJabHdabFRXk+1QL8DGSaE=
  dependencies:
    hash.js "^1.0.3"
    minimalistic-assert "^1.0.0"
    minimalistic-crypto-utils "^1.0.1"

https-proxy-agent@^4.0.0:
  version "4.0.0"
  resolved "https://registry.yarnpkg.com/https-proxy-agent/-/https-proxy-agent-4.0.0.tgz#702b71fb5520a132a66de1f67541d9e62154d82b"
  integrity sha512-zoDhWrkR3of1l9QAL8/scJZyLu8j/gBkcwcaQOZh7Gyh/+uJQzGVETdgT30akuwkpL8HTRfssqI3BZuV18teDg==
  dependencies:
    agent-base "5"
    debug "4"

inherits@^2.0.1, inherits@^2.0.3:
  version "2.0.4"
  resolved "https://registry.yarnpkg.com/inherits/-/inherits-2.0.4.tgz#0fa2c64f932917c3433a0ded55363aae37416b7c"
  integrity sha512-k/vGaX4/Yla3WzyMCvTQOXYeIHvqOKtnqBduzTHpzpQZzAskKMhZ2K+EnBiSM9zGSoIFeMpXKxa4dYeZIQqewQ==

jsonschema@1.2.2:
  version "1.2.2"
  resolved "https://registry.yarnpkg.com/jsonschema/-/jsonschema-1.2.2.tgz#83ab9c63d65bf4d596f91d81195e78772f6452bc"
  integrity sha512-iX5OFQ6yx9NgbHCwse51ohhKgLuLL7Z5cNOeZOPIlDUtAMrxlruHLzVZxbltdHE5mEDXN+75oFOwq6Gn0MZwsA==

lodash.isequal@^4.5.0:
  version "4.5.0"
  resolved "https://registry.yarnpkg.com/lodash.isequal/-/lodash.isequal-4.5.0.tgz#415c4478f2bcc30120c22ce10ed3226f7d3e18e0"
  integrity sha1-QVxEePK8wwEgwizhDtMib30+GOA=

lodash@^4.17.15, lodash@^4.17.4:
  version "4.17.15"
  resolved "https://registry.yarnpkg.com/lodash/-/lodash-4.17.15.tgz#b447f6670a0455bbfeedd11392eff330ea097548"
  integrity sha512-8xOcRHvCjnocdS5cpwXQXVzmmh5e5+saE2QGoeQmbKmRS6J3VQppPOIt0MnmE+4xlZoumy0GPG0D0MVIQbNA1A==

md5.js@^1.3.4:
  version "1.3.5"
  resolved "https://registry.yarnpkg.com/md5.js/-/md5.js-1.3.5.tgz#b5d07b8e3216e3e27cd728d72f70d1e6a342005f"
  integrity sha512-xitP+WxNPcTTOgnTJcrhM0xvdPepipPSf3I8EIpGKeFLjt3PlJLIDG3u8EX53ZIubkb+5U2+3rELYpEhHhzdkg==
  dependencies:
    hash-base "^3.0.0"
    inherits "^2.0.1"
    safe-buffer "^5.1.2"

minimalistic-assert@^1.0.0, minimalistic-assert@^1.0.1:
  version "1.0.1"
  resolved "https://registry.yarnpkg.com/minimalistic-assert/-/minimalistic-assert-1.0.1.tgz#2e194de044626d4a10e7f7fbc00ce73e83e4d5c7"
  integrity sha512-UtJcAD4yEaGtjPezWuO9wC4nwUnVH/8/Im3yEHQP4b67cXlD/Qr9hdITCU1xDbSEXg2XKNaP8jsReV7vQd00/A==

minimalistic-crypto-utils@^1.0.0, minimalistic-crypto-utils@^1.0.1:
  version "1.0.1"
  resolved "https://registry.yarnpkg.com/minimalistic-crypto-utils/-/minimalistic-crypto-utils-1.0.1.tgz#f6c00c1c0b082246e5c4d99dfb8c7c083b2b582a"
  integrity sha1-9sAMHAsIIkblxNmd+4x8CDsrWCo=

ms@^2.1.1:
  version "2.1.2"
  resolved "https://registry.yarnpkg.com/ms/-/ms-2.1.2.tgz#d09d1f357b443f493382a8eb3ccd183872ae6009"
  integrity sha512-sGkPx+VjMtmA6MX27oA4FBFELFCZZ4S4XqeGOXCv68tT+jb3vk/RyaKWP0PTKyWtmLSM0b+adUTEvbs1PEaH2w==

regenerator-runtime@^0.11.0:
  version "0.11.1"
  resolved "https://registry.yarnpkg.com/regenerator-runtime/-/regenerator-runtime-0.11.1.tgz#be05ad7f9bf7d22e056f9726cee5017fbf19e2e9"
  integrity sha512-MguG95oij0fC3QV3URf4V2SDYGJhJnJGqvIIgdECeODCT98wSWDAJ94SSuVpYQUoTcGUIL6L4yNB7j1DFFHSBg==

ripemd160@^2.0.1:
  version "2.0.2"
  resolved "https://registry.yarnpkg.com/ripemd160/-/ripemd160-2.0.2.tgz#a1c1a6f624751577ba5d07914cbc92850585890c"
  integrity sha512-ii4iagi25WusVoiC4B4lq7pbXfAp3D9v5CwfkY33vffw2+pkDjY1D8GaN7spsxvCSx8dkPqOZCEZyfxcmJG2IA==
  dependencies:
    hash-base "^3.0.0"
    inherits "^2.0.1"

ripple-address-codec@^4.0.0:
  version "4.1.0"
  resolved "https://registry.yarnpkg.com/ripple-address-codec/-/ripple-address-codec-4.1.0.tgz#7a119638527f1ccf1eb4aea3d4a8886bc9ccd5c5"
  integrity sha512-C72gJpwvDagaOUiHyh67otqNqFduB4hjvJFiiPz/8I3FCiUYuvFLXeLhb29CEkoAEdoN9p7pPreLgoHUvwzt9w==
  dependencies:
    base-x "3.0.7"
    create-hash "^1.1.2"

ripple-binary-codec@^0.2.5:
  version "0.2.6"
  resolved "https://registry.yarnpkg.com/ripple-binary-codec/-/ripple-binary-codec-0.2.6.tgz#a8c45c905c12d5dc6fa7e179c3584d56fb8bdb07"
  integrity sha512-k0efyjpcde7p+rJ9PXW9tJSYsUDdlC9Z9xU7OPM7fJiHVKlR1E7nfu0jqw9vVXtTG3tujqKeEgtcb8yaa7rMXA==
  dependencies:
    babel-runtime "^6.6.1"
    bn.js "^5.1.1"
    create-hash "^1.1.2"
    decimal.js "^10.2.0"
    inherits "^2.0.1"
    lodash "^4.17.15"
    ripple-address-codec "^4.0.0"

ripple-keypairs@^1.0.0:
  version "1.0.0"
  resolved "https://registry.yarnpkg.com/ripple-keypairs/-/ripple-keypairs-1.0.0.tgz#8f1c604f89daeac5e61b7eebbbca2da99da2bacf"
  integrity sha512-MQ3d6fU3D+Cqu5ma4dfkfa+KakN2sKpVVVN0FeJyAYPVIGXu8Rcvd1g028TdwYAZcSYk0tGn5UhHxd0gUG3T8g==
  dependencies:
    bn.js "^5.1.1"
    brorand "^1.0.5"
    elliptic "^6.5.2"
    hash.js "^1.0.3"
    ripple-address-codec "^4.0.0"

ripple-lib-transactionparser@0.8.2:
  version "0.8.2"
  resolved "https://registry.yarnpkg.com/ripple-lib-transactionparser/-/ripple-lib-transactionparser-0.8.2.tgz#7aaad3ba1e1aeee1d5bcff32334a7a838f834dce"
  integrity sha512-1teosQLjYHLyOQrKUQfYyMjDR3MAq/Ga+MJuLUfpBMypl4LZB4bEoMcmG99/+WVTEiZOezJmH9iCSvm/MyxD+g==
  dependencies:
    bignumber.js "^9.0.0"
    lodash "^4.17.15"

ripple-lib@^1.6.4:
  version "1.6.4"
  resolved "https://registry.yarnpkg.com/ripple-lib/-/ripple-lib-1.6.4.tgz#56458bd08a59b38646c832b9dca3e9c8bb439758"
  integrity sha512-6PDooo5b23oY89WVQ+IqTDerG8FXYeu4ZuprrIbqe7/A3Iy6zCGatez9AcNMgUnq+bCk3P/oylJXrBYLqpe3bA==
  dependencies:
    "@types/lodash" "^4.14.136"
    "@types/ws" "^7.2.0"
    bignumber.js "^9.0.0"
    https-proxy-agent "^4.0.0"
    jsonschema "1.2.2"
    lodash "^4.17.4"
    lodash.isequal "^4.5.0"
    ripple-address-codec "^4.0.0"
    ripple-binary-codec "^0.2.5"
    ripple-keypairs "^1.0.0"
    ripple-lib-transactionparser "0.8.2"
    ws "^7.2.0"

safe-buffer@^5.0.1, safe-buffer@^5.1.2:
  version "5.2.0"
  resolved "https://registry.yarnpkg.com/safe-buffer/-/safe-buffer-5.2.0.tgz#b74daec49b1148f88c64b68d49b1e815c1f2f519"
  integrity sha512-fZEwUGbVl7kouZs1jCdMLdt95hdIv0ZeHg6L7qPeciMZhZ+/gdesW4wgTARkrFWEpspjEATAzUGPG8N2jJiwbg==

sha.js@^2.4.0:
  version "2.4.11"
  resolved "https://registry.yarnpkg.com/sha.js/-/sha.js-2.4.11.tgz#37a5cf0b81ecbc6943de109ba2960d1b26584ae7"
  integrity sha512-QMEp5B7cftE7APOjk5Y6xgrbWu+WkLVQwk8JNjZ8nKRciZaByEW6MubieAiToS7+dwvrjGhH8jRXz3MVd0AYqQ==
  dependencies:
    inherits "^2.0.1"
    safe-buffer "^5.0.1"

ws@^7.2.0:
  version "7.2.1"
  resolved "https://registry.yarnpkg.com/ws/-/ws-7.2.1.tgz#03ed52423cd744084b2cf42ed197c8b65a936b8e"
  integrity sha512-sucePNSafamSKoOqoNfBd8V0StlkzJKL2ZAhGQinCfNQ+oacw+Pk7lcdAElecBF2VkLNZRiIb5Oi1Q5lVUVt2A==
